{
  "originHash" : "21df1b9aca5cd77882891dfb6d86c0f55796f75efd0eccbe9d7480eb90f706be",
  "pins" : [
    {
      "identity" : "animatedtabbar",
      "kind" : "remoteSourceControl",
      "location" : "https://github.com/exyte/AnimatedTabBar.git",
      "state" : {
        "revision" : "e958616dcaf725dea1dedeb61ba1e52c8f6a79f7",
        "version" : "1.0.0"
      }
    }
  ],
  "version" : 3
}
